// !$*UTF8*$!
{
	archiveVersion = 1;
	classes = {
	};
	objectVersion = 51;
	objects = {

/* Begin PBXBuildFile section */
		0506D9D6267C2C340030BAFA /* DataAPI.swift in Sources */ = {isa = PBXBuildFile; fileRef = 0506D9D5267C2C340030BAFA /* DataAPI.swift */; };
		0506D9DA267C2F480030BAFA /* Dashboard.swift in Sources */ = {isa = PBXBuildFile; fileRef = 0506D9D9267C2F480030BAFA /* Dashboard.swift */; };
		0506D9DE267C30A00030BAFA /* Snapshot.swift in Sources */ = {isa = PBXBuildFile; fileRef = 0506D9DD267C30A00030BAFA /* Snapshot.swift */; };
		0506D9E3267C31280030BAFA /* DailyPerformance.swift in Sources */ = {isa = PBXBuildFile; fileRef = 0506D9E2267C31280030BAFA /* DailyPerformance.swift */; };
		050D3AFA270CF17700A8651D /* User.swift in Sources */ = {isa = PBXBuildFile; fileRef = 050D3AF9270CF17700A8651D /* User.swift */; };
		050D3AFE270D028000A8651D /* EmailTemplate.swift in Sources */ = {isa = PBXBuildFile; fileRef = 050D3AFD270D028000A8651D /* EmailTemplate.swift */; };
		05194310270D33680058355E /* SendEmailVC.swift in Sources */ = {isa = PBXBuildFile; fileRef = 0519430F270D33680058355E /* SendEmailVC.swift */; };
		0564DE65270D5501009B2723 /* SettingsVC.swift in Sources */ = {isa = PBXBuildFile; fileRef = 0564DE64270D5501009B2723 /* SettingsVC.swift */; };
		0564DE68270D562C009B2723 /* MessageUI.framework in Frameworks */ = {isa = PBXBuildFile; fileRef = 0564DE67270D562C009B2723 /* MessageUI.framework */; };
		0564DE6E270DED40009B2723 /* NotificationVC.swift in Sources */ = {isa = PBXBuildFile; fileRef = 0564DE6D270DED40009B2723 /* NotificationVC.swift */; };
		056DB1BE26653E0600FCCA0D /* AppDelegate.swift in Sources */ = {isa = PBXBuildFile; fileRef = 056DB1BD26653E0600FCCA0D /* AppDelegate.swift */; };
		056DB1C526653E0600FCCA0D /* Main.storyboard in Resources */ = {isa = PBXBuildFile; fileRef = 056DB1C326653E0600FCCA0D /* Main.storyboard */; };
		056DB1C726653E0600FCCA0D /* Assets.xcassets in Resources */ = {isa = PBXBuildFile; fileRef = 056DB1C626653E0600FCCA0D /* Assets.xcassets */; };
		056DB1CA26653E0600FCCA0D /* LaunchScreen.storyboard in Resources */ = {isa = PBXBuildFile; fileRef = 056DB1C826653E0600FCCA0D /* LaunchScreen.storyboard */; };
		05952F832685838E00023DE8 /* SignupVC.swift in Sources */ = {isa = PBXBuildFile; fileRef = 05952F822685838E00023DE8 /* SignupVC.swift */; };
		05952F872685839A00023DE8 /* ForgotPWVC.swift in Sources */ = {isa = PBXBuildFile; fileRef = 05952F862685839A00023DE8 /* ForgotPWVC.swift */; };
		059C168D266FE411003B3D77 /* MainVC.swift in Sources */ = {isa = PBXBuildFile; fileRef = 059C168C266FE411003B3D77 /* MainVC.swift */; };
		059C1690266FE429003B3D77 /* LoginVC.swift in Sources */ = {isa = PBXBuildFile; fileRef = 059C168F266FE429003B3D77 /* LoginVC.swift */; };
		059C1694266FE43F003B3D77 /* MenuVC.swift in Sources */ = {isa = PBXBuildFile; fileRef = 059C1693266FE43F003B3D77 /* MenuVC.swift */; };
		059C16AC266FEF59003B3D77 /* Global.swift in Sources */ = {isa = PBXBuildFile; fileRef = 059C16AB266FEF59003B3D77 /* Global.swift */; };
		059C16B226705264003B3D77 /* UIView+Extensions.swift in Sources */ = {isa = PBXBuildFile; fileRef = 059C16B026705264003B3D77 /* UIView+Extensions.swift */; };
		059C16B326705264003B3D77 /* Extensions.swift in Sources */ = {isa = PBXBuildFile; fileRef = 059C16B126705264003B3D77 /* Extensions.swift */; };
		059C16B626705275003B3D77 /* BaseAPI.swift in Sources */ = {isa = PBXBuildFile; fileRef = 059C16B526705275003B3D77 /* BaseAPI.swift */; };
		059C16BA267052D6003B3D77 /* APIError.swift in Sources */ = {isa = PBXBuildFile; fileRef = 059C16B9267052D6003B3D77 /* APIError.swift */; };
		059C16BD26705F20003B3D77 /* AuthResult.swift in Sources */ = {isa = PBXBuildFile; fileRef = 059C16BC26705F20003B3D77 /* AuthResult.swift */; };
		059C16C02670611D003B3D77 /* AuthAPI.swift in Sources */ = {isa = PBXBuildFile; fileRef = 059C16BF2670611D003B3D77 /* AuthAPI.swift */; };
		2C124E5C9EA83376D1DB1112 /* Pods_iSync.framework in Frameworks */ = {isa = PBXBuildFile; fileRef = 5E37D2D337243919151E944F /* Pods_iSync.framework */; };
/* End PBXBuildFile section */

/* Begin PBXFileReference section */
		029AB3899F8DE35BA421C89B /* Pods-iSync.debug.xcconfig */ = {isa = PBXFileReference; includeInIndex = 1; lastKnownFileType = text.xcconfig; name = "Pods-iSync.debug.xcconfig"; path = "Target Support Files/Pods-iSync/Pods-iSync.debug.xcconfig"; sourceTree = "<group>"; };
		0506D9D5267C2C340030BAFA /* DataAPI.swift */ = {isa = PBXFileReference; lastKnownFileType = sourcecode.swift; path = DataAPI.swift; sourceTree = "<group>"; };
		0506D9D9267C2F480030BAFA /* Dashboard.swift */ = {isa = PBXFileReference; lastKnownFileType = sourcecode.swift; path = Dashboard.swift; sourceTree = "<group>"; };
		0506D9DD267C30A00030BAFA /* Snapshot.swift */ = {isa = PBXFileReference; lastKnownFileType = sourcecode.swift; path = Snapshot.swift; sourceTree = "<group>"; };
		0506D9E2267C31280030BAFA /* DailyPerformance.swift */ = {isa = PBXFileReference; lastKnownFileType = sourcecode.swift; path = DailyPerformance.swift; sourceTree = "<group>"; };
		050D3AF9270CF17700A8651D /* User.swift */ = {isa = PBXFileReference; lastKnownFileType = sourcecode.swift; path = User.swift; sourceTree = "<group>"; };
		050D3AFD270D028000A8651D /* EmailTemplate.swift */ = {isa = PBXFileReference; lastKnownFileType = sourcecode.swift; path = EmailTemplate.swift; sourceTree = "<group>"; };
		0519430F270D33680058355E /* SendEmailVC.swift */ = {isa = PBXFileReference; lastKnownFileType = sourcecode.swift; path = SendEmailVC.swift; sourceTree = "<group>"; };
		0564DE64270D5501009B2723 /* SettingsVC.swift */ = {isa = PBXFileReference; lastKnownFileType = sourcecode.swift; path = SettingsVC.swift; sourceTree = "<group>"; };
		0564DE67270D562C009B2723 /* MessageUI.framework */ = {isa = PBXFileReference; lastKnownFileType = wrapper.framework; name = MessageUI.framework; path = System/Library/Frameworks/MessageUI.framework; sourceTree = SDKROOT; };
		0564DE6D270DED40009B2723 /* NotificationVC.swift */ = {isa = PBXFileReference; lastKnownFileType = sourcecode.swift; path = NotificationVC.swift; sourceTree = "<group>"; };
		056DB1BA26653E0600FCCA0D /* iSync.app */ = {isa = PBXFileReference; explicitFileType = wrapper.application; includeInIndex = 0; path = iSync.app; sourceTree = BUILT_PRODUCTS_DIR; };
		056DB1BD26653E0600FCCA0D /* AppDelegate.swift */ = {isa = PBXFileReference; lastKnownFileType = sourcecode.swift; path = AppDelegate.swift; sourceTree = "<group>"; };
		056DB1C426653E0600FCCA0D /* Base */ = {isa = PBXFileReference; lastKnownFileType = file.storyboard; name = Base; path = Base.lproj/Main.storyboard; sourceTree = "<group>"; };
		056DB1C626653E0600FCCA0D /* Assets.xcassets */ = {isa = PBXFileReference; lastKnownFileType = folder.assetcatalog; path = Assets.xcassets; sourceTree = "<group>"; };
		056DB1C926653E0600FCCA0D /* Base */ = {isa = PBXFileReference; lastKnownFileType = file.storyboard; name = Base; path = Base.lproj/LaunchScreen.storyboard; sourceTree = "<group>"; };
		056DB1CB26653E0600FCCA0D /* Info.plist */ = {isa = PBXFileReference; lastKnownFileType = text.plist.xml; path = Info.plist; sourceTree = "<group>"; };
		05952F822685838E00023DE8 /* SignupVC.swift */ = {isa = PBXFileReference; lastKnownFileType = sourcecode.swift; path = SignupVC.swift; sourceTree = "<group>"; };
		05952F862685839A00023DE8 /* ForgotPWVC.swift */ = {isa = PBXFileReference; lastKnownFileType = sourcecode.swift; path = ForgotPWVC.swift; sourceTree = "<group>"; };
		059C168C266FE411003B3D77 /* MainVC.swift */ = {isa = PBXFileReference; lastKnownFileType = sourcecode.swift; path = MainVC.swift; sourceTree = "<group>"; };
		059C168F266FE429003B3D77 /* LoginVC.swift */ = {isa = PBXFileReference; lastKnownFileType = sourcecode.swift; path = LoginVC.swift; sourceTree = "<group>"; };
		059C1693266FE43F003B3D77 /* MenuVC.swift */ = {isa = PBXFileReference; lastKnownFileType = sourcecode.swift; path = MenuVC.swift; sourceTree = "<group>"; };
		059C16AB266FEF59003B3D77 /* Global.swift */ = {isa = PBXFileReference; lastKnownFileType = sourcecode.swift; path = Global.swift; sourceTree = "<group>"; };
		059C16B026705264003B3D77 /* UIView+Extensions.swift */ = {isa = PBXFileReference; fileEncoding = 4; lastKnownFileType = sourcecode.swift; path = "UIView+Extensions.swift"; sourceTree = "<group>"; };
		059C16B126705264003B3D77 /* Extensions.swift */ = {isa = PBXFileReference; fileEncoding = 4; lastKnownFileType = sourcecode.swift; path = Extensions.swift; sourceTree = "<group>"; };
		059C16B526705275003B3D77 /* BaseAPI.swift */ = {isa = PBXFileReference; fileEncoding = 4; lastKnownFileType = sourcecode.swift; path = BaseAPI.swift; sourceTree = "<group>"; };
		059C16B9267052D6003B3D77 /* APIError.swift */ = {isa = PBXFileReference; fileEncoding = 4; lastKnownFileType = sourcecode.swift; path = APIError.swift; sourceTree = "<group>"; };
		059C16BC26705F20003B3D77 /* AuthResult.swift */ = {isa = PBXFileReference; lastKnownFileType = sourcecode.swift; path = AuthResult.swift; sourceTree = "<group>"; };
		059C16BF2670611D003B3D77 /* AuthAPI.swift */ = {isa = PBXFileReference; fileEncoding = 4; lastKnownFileType = sourcecode.swift; path = AuthAPI.swift; sourceTree = "<group>"; };
		5E37D2D337243919151E944F /* Pods_iSync.framework */ = {isa = PBXFileReference; explicitFileType = wrapper.framework; includeInIndex = 0; path = Pods_iSync.framework; sourceTree = BUILT_PRODUCTS_DIR; };
		61FB52DFC2FE4842B98B7BAC /* Pods-iSync.release.xcconfig */ = {isa = PBXFileReference; includeInIndex = 1; lastKnownFileType = text.xcconfig; name = "Pods-iSync.release.xcconfig"; path = "Target Support Files/Pods-iSync/Pods-iSync.release.xcconfig"; sourceTree = "<group>"; };
/* End PBXFileReference section */

/* Begin PBXFrameworksBuildPhase section */
		056DB1B726653E0600FCCA0D /* Frameworks */ = {
			isa = PBXFrameworksBuildPhase;
			buildActionMask = 2147483647;
			files = (
				0564DE68270D562C009B2723 /* MessageUI.framework in Frameworks */,
				2C124E5C9EA83376D1DB1112 /* Pods_iSync.framework in Frameworks */,
			);
			runOnlyForDeploymentPostprocessing = 0;
		};
/* End PBXFrameworksBuildPhase section */

/* Begin PBXGroup section */
		056DB1B126653E0500FCCA0D = {
			isa = PBXGroup;
			children = (
				056DB1BC26653E0600FCCA0D /* iSync */,
				056DB1BB26653E0600FCCA0D /* Products */,
				C6E8BDCB976996E4732408E8 /* Pods */,
				BD7A058C78F976EB2AA0C1B5 /* Frameworks */,
			);
			sourceTree = "<group>";
		};
		056DB1BB26653E0600FCCA0D /* Products */ = {
			isa = PBXGroup;
			children = (
				056DB1BA26653E0600FCCA0D /* iSync.app */,
			);
			name = Products;
			sourceTree = "<group>";
		};
		056DB1BC26653E0600FCCA0D /* iSync */ = {
			isa = PBXGroup;
			children = (
				056DB1BD26653E0600FCCA0D /* AppDelegate.swift */,
				059C16AE26705208003B3D77 /* API */,
				059C168B266FE402003B3D77 /* VC */,
				059C16AA266FEF4C003B3D77 /* Helper */,
				059C16AF26705264003B3D77 /* Extensions */,
				056DB1C326653E0600FCCA0D /* Main.storyboard */,
				056DB1C626653E0600FCCA0D /* Assets.xcassets */,
				056DB1C826653E0600FCCA0D /* LaunchScreen.storyboard */,
				056DB1CB26653E0600FCCA0D /* Info.plist */,
			);
			path = iSync;
			sourceTree = "<group>";
		};
		059C168B266FE402003B3D77 /* VC */ = {
			isa = PBXGroup;
			children = (
				059C168F266FE429003B3D77 /* LoginVC.swift */,
				05952F822685838E00023DE8 /* SignupVC.swift */,
				05952F862685839A00023DE8 /* ForgotPWVC.swift */,
				059C1693266FE43F003B3D77 /* MenuVC.swift */,
				059C168C266FE411003B3D77 /* MainVC.swift */,
				0519430F270D33680058355E /* SendEmailVC.swift */,
				0564DE64270D5501009B2723 /* SettingsVC.swift */,
				0564DE6D270DED40009B2723 /* NotificationVC.swift */,
			);
			path = VC;
			sourceTree = "<group>";
		};
		059C16AA266FEF4C003B3D77 /* Helper */ = {
			isa = PBXGroup;
			children = (
				059C16AB266FEF59003B3D77 /* Global.swift */,
			);
			path = Helper;
			sourceTree = "<group>";
		};
		059C16AE26705208003B3D77 /* API */ = {
			isa = PBXGroup;
			children = (
				059C16B826705299003B3D77 /* Model */,
				059C16B526705275003B3D77 /* BaseAPI.swift */,
				059C16BF2670611D003B3D77 /* AuthAPI.swift */,
				0506D9D5267C2C340030BAFA /* DataAPI.swift */,
			);
			path = API;
			sourceTree = "<group>";
		};
		059C16AF26705264003B3D77 /* Extensions */ = {
			isa = PBXGroup;
			children = (
				059C16B026705264003B3D77 /* UIView+Extensions.swift */,
				059C16B126705264003B3D77 /* Extensions.swift */,
			);
			path = Extensions;
			sourceTree = "<group>";
		};
		059C16B826705299003B3D77 /* Model */ = {
			isa = PBXGroup;
			children = (
				059C16B9267052D6003B3D77 /* APIError.swift */,
				059C16BC26705F20003B3D77 /* AuthResult.swift */,
				0506D9D9267C2F480030BAFA /* Dashboard.swift */,
				0506D9DD267C30A00030BAFA /* Snapshot.swift */,
				050D3AFD270D028000A8651D /* EmailTemplate.swift */,
				050D3AF9270CF17700A8651D /* User.swift */,
				0506D9E2267C31280030BAFA /* DailyPerformance.swift */,
			);
			path = Model;
			sourceTree = "<group>";
		};
		BD7A058C78F976EB2AA0C1B5 /* Frameworks */ = {
			isa = PBXGroup;
			children = (
				0564DE67270D562C009B2723 /* MessageUI.framework */,
				5E37D2D337243919151E944F /* Pods_iSync.framework */,
			);
			name = Frameworks;
			sourceTree = "<group>";
		};
		C6E8BDCB976996E4732408E8 /* Pods */ = {
			isa = PBXGroup;
			children = (
				029AB3899F8DE35BA421C89B /* Pods-iSync.debug.xcconfig */,
				61FB52DFC2FE4842B98B7BAC /* Pods-iSync.release.xcconfig */,
			);
			path = Pods;
			sourceTree = "<group>";
		};
/* End PBXGroup section */

/* Begin PBXNativeTarget section */
		056DB1B926653E0600FCCA0D /* iSync */ = {
			isa = PBXNativeTarget;
			buildConfigurationList = 056DB1CE26653E0600FCCA0D /* Build configuration list for PBXNativeTarget "iSync" */;
			buildPhases = (
				BD271FA33D57116EA706800D /* [CP] Check Pods Manifest.lock */,
				056DB1B626653E0600FCCA0D /* Sources */,
				056DB1B726653E0600FCCA0D /* Frameworks */,
				056DB1B826653E0600FCCA0D /* Resources */,
				89DF28A4DB05870FD6BCE667 /* [CP] Embed Pods Frameworks */,
			);
			buildRules = (
			);
			dependencies = (
			);
			name = iSync;
			productName = iSync;
			productReference = 056DB1BA26653E0600FCCA0D /* iSync.app */;
			productType = "com.apple.product-type.application";
		};
/* End PBXNativeTarget section */

/* Begin PBXProject section */
		056DB1B226653E0500FCCA0D /* Project object */ = {
			isa = PBXProject;
			attributes = {
				LastSwiftUpdateCheck = 1240;
				LastUpgradeCheck = 1240;
				TargetAttributes = {
					056DB1B926653E0600FCCA0D = {
						CreatedOnToolsVersion = 12.4;
					};
				};
			};
			buildConfigurationList = 056DB1B526653E0500FCCA0D /* Build configuration list for PBXProject "iSync" */;
			compatibilityVersion = "Xcode 9.3";
			developmentRegion = en;
			hasScannedForEncodings = 0;
			knownRegions = (
				en,
				Base,
			);
			mainGroup = 056DB1B126653E0500FCCA0D;
			productRefGroup = 056DB1BB26653E0600FCCA0D /* Products */;
			projectDirPath = "";
			projectRoot = "";
			targets = (
				056DB1B926653E0600FCCA0D /* iSync */,
			);
		};
/* End PBXProject section */

/* Begin PBXResourcesBuildPhase section */
		056DB1B826653E0600FCCA0D /* Resources */ = {
			isa = PBXResourcesBuildPhase;
			buildActionMask = 2147483647;
			files = (
				056DB1CA26653E0600FCCA0D /* LaunchScreen.storyboard in Resources */,
				056DB1C726653E0600FCCA0D /* Assets.xcassets in Resources */,
				056DB1C526653E0600FCCA0D /* Main.storyboard in Resources */,
			);
			runOnlyForDeploymentPostprocessing = 0;
		};
/* End PBXResourcesBuildPhase section */

/* Begin PBXShellScriptBuildPhase section */
		89DF28A4DB05870FD6BCE667 /* [CP] Embed Pods Frameworks */ = {
			isa = PBXShellScriptBuildPhase;
			buildActionMask = 2147483647;
			files = (
			);
			inputFileListPaths = (
				"${PODS_ROOT}/Target Support Files/Pods-iSync/Pods-iSync-frameworks-${CONFIGURATION}-input-files.xcfilelist",
			);
			name = "[CP] Embed Pods Frameworks";
			outputFileListPaths = (
				"${PODS_ROOT}/Target Support Files/Pods-iSync/Pods-iSync-frameworks-${CONFIGURATION}-output-files.xcfilelist",
			);
			runOnlyForDeploymentPostprocessing = 0;
			shellPath = /bin/sh;
			shellScript = "\"${PODS_ROOT}/Target Support Files/Pods-iSync/Pods-iSync-frameworks.sh\"\n";
			showEnvVarsInLog = 0;
		};
		BD271FA33D57116EA706800D /* [CP] Check Pods Manifest.lock */ = {
			isa = PBXShellScriptBuildPhase;
			buildActionMask = 2147483647;
			files = (
			);
			inputFileListPaths = (
			);
			inputPaths = (
				"${PODS_PODFILE_DIR_PATH}/Podfile.lock",
				"${PODS_ROOT}/Manifest.lock",
			);
			name = "[CP] Check Pods Manifest.lock";
			outputFileListPaths = (
			);
			outputPaths = (
				"$(DERIVED_FILE_DIR)/Pods-iSync-checkManifestLockResult.txt",
			);
			runOnlyForDeploymentPostprocessing = 0;
			shellPath = /bin/sh;
			shellScript = "diff \"${PODS_PODFILE_DIR_PATH}/Podfile.lock\" \"${PODS_ROOT}/Manifest.lock\" > /dev/null\nif [ $? != 0 ] ; then\n    # print error to STDERR\n    echo \"error: The sandbox is not in sync with the Podfile.lock. Run 'pod install' or update your CocoaPods installation.\" >&2\n    exit 1\nfi\n# This output is used by Xcode 'outputs' to avoid re-running this script phase.\necho \"SUCCESS\" > \"${SCRIPT_OUTPUT_FILE_0}\"\n";
			showEnvVarsInLog = 0;
		};
/* End PBXShellScriptBuildPhase section */

/* Begin PBXSourcesBuildPhase section */
		056DB1B626653E0600FCCA0D /* Sources */ = {
			isa = PBXSourcesBuildPhase;
			buildActionMask = 2147483647;
			files = (
				059C16B226705264003B3D77 /* UIView+Extensions.swift in Sources */,
				056DB1BE26653E0600FCCA0D /* AppDelegate.swift in Sources */,
				059C16C02670611D003B3D77 /* AuthAPI.swift in Sources */,
				059C1694266FE43F003B3D77 /* MenuVC.swift in Sources */,
				0506D9D6267C2C340030BAFA /* DataAPI.swift in Sources */,
				059C168D266FE411003B3D77 /* MainVC.swift in Sources */,
				050D3AFE270D028000A8651D /* EmailTemplate.swift in Sources */,
				05194310270D33680058355E /* SendEmailVC.swift in Sources */,
				0506D9E3267C31280030BAFA /* DailyPerformance.swift in Sources */,
				059C16AC266FEF59003B3D77 /* Global.swift in Sources */,
				05952F832685838E00023DE8 /* SignupVC.swift in Sources */,
				059C16B626705275003B3D77 /* BaseAPI.swift in Sources */,
				059C1690266FE429003B3D77 /* LoginVC.swift in Sources */,
				05952F872685839A00023DE8 /* ForgotPWVC.swift in Sources */,
				0506D9DA267C2F480030BAFA /* Dashboard.swift in Sources */,
				059C16B326705264003B3D77 /* Extensions.swift in Sources */,
				059C16BD26705F20003B3D77 /* AuthResult.swift in Sources */,
				050D3AFA270CF17700A8651D /* User.swift in Sources */,
				0506D9DE267C30A00030BAFA /* Snapshot.swift in Sources */,
				059C16BA267052D6003B3D77 /* APIError.swift in Sources */,
				0564DE65270D5501009B2723 /* SettingsVC.swift in Sources */,
				0564DE6E270DED40009B2723 /* NotificationVC.swift in Sources */,
			);
			runOnlyForDeploymentPostprocessing = 0;
		};
/* End PBXSourcesBuildPhase section */

/* Begin PBXVariantGroup section */
		056DB1C326653E0600FCCA0D /* Main.storyboard */ = {
			isa = PBXVariantGroup;
			children = (
				056DB1C426653E0600FCCA0D /* Base */,
			);
			name = Main.storyboard;
			sourceTree = "<group>";
		};
		056DB1C826653E0600FCCA0D /* LaunchScreen.storyboard */ = {
			isa = PBXVariantGroup;
			children = (
				056DB1C926653E0600FCCA0D /* Base */,
			);
			name = LaunchScreen.storyboard;
			sourceTree = "<group>";
		};
/* End PBXVariantGroup section */

/* Begin XCBuildConfiguration section */
		056DB1CC26653E0600FCCA0D /* Debug */ = {
			isa = XCBuildConfiguration;
			buildSettings = {
				ALWAYS_SEARCH_USER_PATHS = NO;
				CLANG_ANALYZER_NONNULL = YES;
				CLANG_ANALYZER_NUMBER_OBJECT_CONVERSION = YES_AGGRESSIVE;
				CLANG_CXX_LANGUAGE_STANDARD = "gnu++14";
				CLANG_CXX_LIBRARY = "libc++";
				CLANG_ENABLE_MODULES = YES;
				CLANG_ENABLE_OBJC_ARC = YES;
				CLANG_ENABLE_OBJC_WEAK = YES;
				CLANG_WARN_BLOCK_CAPTURE_AUTORELEASING = YES;
				CLANG_WARN_BOOL_CONVERSION = YES;
				CLANG_WARN_COMMA = YES;
				CLANG_WARN_CONSTANT_CONVERSION = YES;
				CLANG_WARN_DEPRECATED_OBJC_IMPLEMENTATIONS = YES;
				CLANG_WARN_DIRECT_OBJC_ISA_USAGE = YES_ERROR;
				CLANG_WARN_DOCUMENTATION_COMMENTS = YES;
				CLANG_WARN_EMPTY_BODY = YES;
				CLANG_WARN_ENUM_CONVERSION = YES;
				CLANG_WARN_INFINITE_RECURSION = YES;
				CLANG_WARN_INT_CONVERSION = YES;
				CLANG_WARN_NON_LITERAL_NULL_CONVERSION = YES;
				CLANG_WARN_OBJC_IMPLICIT_RETAIN_SELF = YES;
				CLANG_WARN_OBJC_LITERAL_CONVERSION = YES;
				CLANG_WARN_OBJC_ROOT_CLASS = YES_ERROR;
				CLANG_WARN_QUOTED_INCLUDE_IN_FRAMEWORK_HEADER = YES;
				CLANG_WARN_RANGE_LOOP_ANALYSIS = YES;
				CLANG_WARN_STRICT_PROTOTYPES = YES;
				CLANG_WARN_SUSPICIOUS_MOVE = YES;
				CLANG_WARN_UNGUARDED_AVAILABILITY = YES_AGGRESSIVE;
				CLANG_WARN_UNREACHABLE_CODE = YES;
				CLANG_WARN__DUPLICATE_METHOD_MATCH = YES;
				COPY_PHASE_STRIP = NO;
				DEBUG_INFORMATION_FORMAT = dwarf;
				ENABLE_STRICT_OBJC_MSGSEND = YES;
				ENABLE_TESTABILITY = YES;
				GCC_C_LANGUAGE_STANDARD = gnu11;
				GCC_DYNAMIC_NO_PIC = NO;
				GCC_NO_COMMON_BLOCKS = YES;
				GCC_OPTIMIZATION_LEVEL = 0;
				GCC_PREPROCESSOR_DEFINITIONS = (
					"DEBUG=1",
					"$(inherited)",
				);
				GCC_WARN_64_TO_32_BIT_CONVERSION = YES;
				GCC_WARN_ABOUT_RETURN_TYPE = YES_ERROR;
				GCC_WARN_UNDECLARED_SELECTOR = YES;
				GCC_WARN_UNINITIALIZED_AUTOS = YES_AGGRESSIVE;
				GCC_WARN_UNUSED_FUNCTION = YES;
				GCC_WARN_UNUSED_VARIABLE = YES;
				IPHONEOS_DEPLOYMENT_TARGET = 14.4;
				MTL_ENABLE_DEBUG_INFO = INCLUDE_SOURCE;
				MTL_FAST_MATH = YES;
				ONLY_ACTIVE_ARCH = YES;
				SDKROOT = iphoneos;
				SWIFT_ACTIVE_COMPILATION_CONDITIONS = DEBUG;
				SWIFT_OPTIMIZATION_LEVEL = "-Onone";
			};
			name = Debug;
		};
		056DB1CD26653E0600FCCA0D /* Release */ = {
			isa = XCBuildConfiguration;
			buildSettings = {
				ALWAYS_SEARCH_USER_PATHS = NO;
				CLANG_ANALYZER_NONNULL = YES;
				CLANG_ANALYZER_NUMBER_OBJECT_CONVERSION = YES_AGGRESSIVE;
				CLANG_CXX_LANGUAGE_STANDARD = "gnu++14";
				CLANG_CXX_LIBRARY = "libc++";
				CLANG_ENABLE_MODULES = YES;
				CLANG_ENABLE_OBJC_ARC = YES;
				CLANG_ENABLE_OBJC_WEAK = YES;
				CLANG_WARN_BLOCK_CAPTURE_AUTORELEASING = YES;
				CLANG_WARN_BOOL_CONVERSION = YES;
				CLANG_WARN_COMMA = YES;
				CLANG_WARN_CONSTANT_CONVERSION = YES;
				CLANG_WARN_DEPRECATED_OBJC_IMPLEMENTATIONS = YES;
				CLANG_WARN_DIRECT_OBJC_ISA_USAGE = YES_ERROR;
				CLANG_WARN_DOCUMENTATION_COMMENTS = YES;
				CLANG_WARN_EMPTY_BODY = YES;
				CLANG_WARN_ENUM_CONVERSION = YES;
				CLANG_WARN_INFINITE_RECURSION = YES;
				CLANG_WARN_INT_CONVERSION = YES;
				CLANG_WARN_NON_LITERAL_NULL_CONVERSION = YES;
				CLANG_WARN_OBJC_IMPLICIT_RETAIN_SELF = YES;
				CLANG_WARN_OBJC_LITERAL_CONVERSION = YES;
				CLANG_WARN_OBJC_ROOT_CLASS = YES_ERROR;
				CLANG_WARN_QUOTED_INCLUDE_IN_FRAMEWORK_HEADER = YES;
				CLANG_WARN_RANGE_LOOP_ANALYSIS = YES;
				CLANG_WARN_STRICT_PROTOTYPES = YES;
				CLANG_WARN_SUSPICIOUS_MOVE = YES;
				CLANG_WARN_UNGUARDED_AVAILABILITY = YES_AGGRESSIVE;
				CLANG_WARN_UNREACHABLE_CODE = YES;
				CLANG_WARN__DUPLICATE_METHOD_MATCH = YES;
				COPY_PHASE_STRIP = NO;
				DEBUG_INFORMATION_FORMAT = "dwarf-with-dsym";
				ENABLE_NS_ASSERTIONS = NO;
				ENABLE_STRICT_OBJC_MSGSEND = YES;
				GCC_C_LANGUAGE_STANDARD = gnu11;
				GCC_NO_COMMON_BLOCKS = YES;
				GCC_WARN_64_TO_32_BIT_CONVERSION = YES;
				GCC_WARN_ABOUT_RETURN_TYPE = YES_ERROR;
				GCC_WARN_UNDECLARED_SELECTOR = YES;
				GCC_WARN_UNINITIALIZED_AUTOS = YES_AGGRESSIVE;
				GCC_WARN_UNUSED_FUNCTION = YES;
				GCC_WARN_UNUSED_VARIABLE = YES;
				IPHONEOS_DEPLOYMENT_TARGET = 14.4;
				MTL_ENABLE_DEBUG_INFO = NO;
				MTL_FAST_MATH = YES;
				SDKROOT = iphoneos;
				SWIFT_COMPILATION_MODE = wholemodule;
				SWIFT_OPTIMIZATION_LEVEL = "-O";
				VALIDATE_PRODUCT = YES;
			};
			name = Release;
		};
		056DB1CF26653E0600FCCA0D /* Debug */ = {
			isa = XCBuildConfiguration;
			baseConfigurationReference = 029AB3899F8DE35BA421C89B /* Pods-iSync.debug.xcconfig */;
			buildSettings = {
				ASSETCATALOG_COMPILER_APPICON_NAME = AppIcon;
				ASSETCATALOG_COMPILER_GLOBAL_ACCENT_COLOR_NAME = AccentColor;
				CODE_SIGN_STYLE = Automatic;
				DEVELOPMENT_TEAM = 477Q3XC7GP;
				INFOPLIST_FILE = iSync/Info.plist;
				IPHONEOS_DEPLOYMENT_TARGET = 13.0;
				LD_RUNPATH_SEARCH_PATHS = (
					"$(inherited)",
					"@executable_path/Frameworks",
				);
				PRODUCT_BUNDLE_IDENTIFIER = com.isync.iSync;
				PRODUCT_NAME = "$(TARGET_NAME)";
				SWIFT_VERSION = 5.0;
				TARGETED_DEVICE_FAMILY = "1,2";
			};
			name = Debug;
		};
		056DB1D026653E0600FCCA0D /* Release */ = {
			isa = XCBuildConfiguration;
			baseConfigurationReference = 61FB52DFC2FE4842B98B7BAC /* Pods-iSync.release.xcconfig */;
			buildSettings = {
				ASSETCATALOG_COMPILER_APPICON_NAME = AppIcon;
				ASSETCATALOG_COMPILER_GLOBAL_ACCENT_COLOR_NAME = AccentColor;
				CODE_SIGN_STYLE = Automatic;
				DEVELOPMENT_TEAM = 477Q3XC7GP;
				INFOPLIST_FILE = iSync/Info.plist;
				IPHONEOS_DEPLOYMENT_TARGET = 13.0;
				LD_RUNPATH_SEARCH_PATHS = (
					"$(inherited)",
					"@executable_path/Frameworks",
				);
				PRODUCT_BUNDLE_IDENTIFIER = com.isync.iSync;
				PRODUCT_NAME = "$(TARGET_NAME)";
				SWIFT_VERSION = 5.0;
				TARGETED_DEVICE_FAMILY = "1,2";
			};
			name = Release;
		};
/* End XCBuildConfiguration section */

/* Begin XCConfigurationList section */
		056DB1B526653E0500FCCA0D /* Build configuration list for PBXProject "iSync" */ = {
			isa = XCConfigurationList;
			buildConfigurations = (
				056DB1CC26653E0600FCCA0D /* Debug */,
				056DB1CD26653E0600FCCA0D /* Release */,
			);
			defaultConfigurationIsVisible = 0;
			defaultConfigurationName = Release;
		};
		056DB1CE26653E0600FCCA0D /* Build configuration list for PBXNativeTarget "iSync" */ = {
			isa = XCConfigurationList;
			buildConfigurations = (
				056DB1CF26653E0600FCCA0D /* Debug */,
				056DB1D026653E0600FCCA0D /* Release */,
			);
			defaultConfigurationIsVisible = 0;
			defaultConfigurationName = Release;
		};
/* End XCConfigurationList section */
	};
	rootObject = 056DB1B226653E0500FCCA0D /* Project object */;
}
